{
    "_meta": {
        "hash": {
            "sha256": "1e8ed21892718a492bbb3735d98802953b89fd8829ed2693948bd34a67c7899d"
        },
        "pipfile-spec": 6,
        "requires": {
            "python_version": "3.10"
        },
        "sources": [
            {
                "name": "pypi",
                "url": "https://pypi.org/simple",
                "verify_ssl": true
            }
        ]
    },
    "default": {
        "pypdf2": {
            "hashes": [
                "sha256:a74408f69ba6271f71b9352ef4ed03dc53a31aa404d29b5d31f53bfecfee1440",
                "sha256:d16e4205cfee272fbdc0568b68d82be796540b1537508cef59388f839c191928"
            ],
            "index": "pypi",
            "markers": "python_version >= '3.6'",
            "version": "==3.0.1"
        },
        "tinydb": {
            "hashes": [
                "sha256:30c06d12383d7c332e404ca6a6103fb2b32cbf25712689648c39d9a6bd34bd3d",
                "sha256:6dd686a9c5a75dfa9280088fd79a419aefe19cd7f4bd85eba203540ef856d564"
            ],
            "index": "pypi",
            "markers": "python_version >= '3.7' and python_version < '4.0'",
            "version": "==4.8.0"
        }
    },
    "develop": {}
}
